dependencies:
  '@cloudflare/workers-types': 2.1.0
  '@rollup/plugin-node-resolve': 10.0.0_rollup@2.35.1
  '@types/html-minifier': 4.0.0
  axios: 0.21.0
  esbuild: 0.8.0
  etag: 1.8.1
  html-minifier: 4.0.0
  recrawl-sync: 2.0.0
  rollup: 2.35.1
  rollup-plugin-esbuild: /@cush/rollup-plugin-esbuild/2.5.2-canary.138_esbuild@0.8.0+rollup@2.35.1
  rollup-plugin-terser: 7.0.2_rollup@2.35.1
  strip-bom: 4.0.0
  toml: 3.0.0
devDependencies:
  '@rollup/plugin-typescript': 6.1.0_rollup@2.35.1+typescript@4.0.5
  '@types/etag': 1.8.0
  prettier: 2.1.2
  rollup-plugin-dts: 1.4.13_rollup@2.35.1+typescript@4.0.5
  typescript: 4.0.5
lockfileVersion: 5.2
packages:
  /@babel/code-frame/7.10.4:
    dependencies:
      '@babel/highlight': 7.10.4
    resolution:
      integrity: sha512-vG6SvB6oYEhvgisZNFRmRCUkLz11c7rp+tbNTynGqc6mS1d5ATd/sGyV6W0KZZnXRKMTzZDRgQT3Ou9jhpAfUg==
  /@babel/helper-validator-identifier/7.10.4:
    resolution:
      integrity: sha512-3U9y+43hz7ZM+rzG24Qe2mufW5KhvFg/NhnNph+i9mgCtdTCtMJuI1TMkrIUiK7Ix4PYlRF9I5dhqaLYA/ADXw==
  /@babel/highlight/7.10.4:
    dependencies:
      '@babel/helper-validator-identifier': 7.10.4
      chalk: 2.4.2
      js-tokens: 4.0.0
    resolution:
      integrity: sha512-i6rgnR/YgPEQzZZnbTHHuZdlE8qyoBNalD6F+q4vAFlcMEcqmkoG+mPqJYJCo63qPf74+Y1UZsl3l6f7/RIkmA==
  /@cloudflare/workers-types/2.1.0:
    dev: false
    resolution:
      integrity: sha512-VmXaHTq0lt6Xre4aK1hUK25hjZjuEUkHtdUEt0FJamv+NzQO54Gwp6Zr5Cfu6SP5EQ/tTmTMP/tK9npA8zhcCg==
  /@cush/relative/0.1.0:
    dev: false
    resolution:
      integrity: sha512-pnF2c2hhHyC520CmYYKq3hGOS0kipkGBgRnp3z7wx7lDzykaUwQW3wPQmiX9YtbHUcgUu1qQtzstixmeYMwQoA==
  /@cush/rollup-plugin-esbuild/2.5.2-canary.138_esbuild@0.8.0+rollup@2.35.1:
    dependencies:
      '@rollup/pluginutils': 4.1.0_rollup@2.35.1
      esbuild: 0.8.0
      joycon: 2.2.5
      strip-json-comments: 3.1.1
    dev: false
    engines:
      node: '>=12'
    peerDependencies:
      esbuild: ^0.8.0
      rollup: '*'
    resolution:
      integrity: sha512-o/XoRSKRHgPoBW7fbcXWC1c6mP1VvAx3NKN5uJXtYoEh5PDigXOf5kLsXX2xwMDMi7UxXK1RUuf7QFeBKlAifg==
  /@rollup/plugin-node-resolve/10.0.0_rollup@2.35.1:
    dependencies:
      '@rollup/pluginutils': 3.1.0_rollup@2.35.1
      '@types/resolve': 1.17.1
      builtin-modules: 3.1.0
      deepmerge: 4.2.2
      is-module: 1.0.0
      resolve: 1.18.1
      rollup: 2.35.1
    dev: false
    engines:
      node: '>= 10.0.0'
    peerDependencies:
      rollup: ^1.20.0||^2.0.0
    resolution:
      integrity: sha512-sNijGta8fqzwA1VwUEtTvWCx2E7qC70NMsDh4ZG13byAXYigBNZMxALhKUSycBks5gupJdq0lFrKumFrRZ8H3A==
  /@rollup/plugin-typescript/6.1.0_rollup@2.35.1+typescript@4.0.5:
    dependencies:
      '@rollup/pluginutils': 3.1.0_rollup@2.35.1
      resolve: 1.18.1
      rollup: 2.35.1
      typescript: 4.0.5
    dev: true
    engines:
      node: '>=8.0.0'
    peerDependencies:
      rollup: ^2.14.0
      tslib: '*'
      typescript: '>=3.4.0'
    resolution:
      integrity: sha512-hJxaiE6WyNOsK+fZpbFh9CUijZYqPQuAOWO5khaGTUkM8DYNNyA2TDlgamecE+qLOG1G1+CwbWMAx3rbqpp6xQ==
  /@rollup/pluginutils/3.1.0_rollup@2.35.1:
    dependencies:
      '@types/estree': 0.0.39
      estree-walker: 1.0.1
      picomatch: 2.2.2
      rollup: 2.35.1
    engines:
      node: '>= 8.0.0'
    peerDependencies:
      rollup: ^1.20.0||^2.0.0
    resolution:
      integrity: sha512-GksZ6pr6TpIjHm8h9lSQ8pi8BE9VeubNT0OMJ3B5uZJ8pz73NPiqOtCog/x2/QzM1ENChPKxMDhiQuRHsqc+lg==
  /@rollup/pluginutils/4.1.0_rollup@2.35.1:
    dependencies:
      estree-walker: 2.0.2
      picomatch: 2.2.2
      rollup: 2.35.1
    dev: false
    engines:
      node: '>= 8.0.0'
    peerDependencies:
      rollup: ^1.20.0||^2.0.0
    resolution:
      integrity: sha512-TrBhfJkFxA+ER+ew2U2/fHbebhLT/l/2pRk0hfj9KusXUuRXd2v0R58AfaZK9VXDQ4TogOSEmICVrQAA3zFnHQ==
  /@types/clean-css/4.2.2:
    dependencies:
      '@types/node': 14.14.6
    dev: false
    resolution:
      integrity: sha512-xiTJn3bmDh1lA8c6iVJs4ZhHw+pcmxXlJQXOB6G1oULaak8rmarIeFKI4aTJ7849dEhaO612wgIualZfbxTJwA==
  /@types/estree/0.0.39:
    resolution:
      integrity: sha512-EYNwp3bU+98cpU4lAWYYL7Zz+2gryWH1qbdDTidVd6hkiR6weksdbMadyXKXNPEkQFhXM+hVO9ZygomHXp+AIw==
  /@types/etag/1.8.0:
    dependencies:
      '@types/node': 14.14.6
    dev: true
    resolution:
      integrity: sha512-EdSN0x+Y0/lBv7YAb8IU4Jgm6DWM+Bqtz7o5qozl96fzaqdqbdfHS5qjdpFeIv7xQ8jSLyjMMNShgYtMajEHyQ==
  /@types/html-minifier/4.0.0:
    dependencies:
      '@types/clean-css': 4.2.2
      '@types/relateurl': 0.2.28
      '@types/uglify-js': 3.11.1
    dev: false
    resolution:
      integrity: sha512-eFnGhrKmjWBlnSGNtunetE3UU2Tc/LUl92htFslSSTmpp9EKHQVcYQadCyYfnzUEFB5G/3wLWo/USQS/mEPKrA==
  /@types/node/14.14.6:
    resolution:
      integrity: sha512-6QlRuqsQ/Ox/aJEQWBEJG7A9+u7oSYl3mem/K8IzxXG/kAGbV1YPD9Bg9Zw3vyxC/YP+zONKwy8hGkSt1jxFMw==
  /@types/relateurl/0.2.28:
    dev: false
    resolution:
      integrity: sha1-a9p9uGU/piZD9e5p6facEaOS46Y=
  /@types/resolve/1.17.1:
    dependencies:
      '@types/node': 14.14.6
    dev: false
    resolution:
      integrity: sha512-yy7HuzQhj0dhGpD8RLXSZWEkLsV9ibvxvi6EiJ3bkqLAO1RGo0WbkWQiwpRlSFymTJRz0d3k5LM3kkx8ArDbLw==
  /@types/uglify-js/3.11.1:
    dependencies:
      source-map: 0.6.1
    dev: false
    resolution:
      integrity: sha512-7npvPKV+jINLu1SpSYVWG8KvyJBhBa8tmzMMdDoVc2pWUYHN8KIXlPJhjJ4LT97c4dXJA2SHL/q6ADbDriZN+Q==
  /ansi-styles/3.2.1:
    dependencies:
      color-convert: 1.9.3
    engines:
      node: '>=4'
    resolution:
      integrity: sha512-VT0ZI6kZRdTh8YyJw3SMbYm/u+NqfsAxEpWO0Pf9sq8/e94WxxOpPKx9FR1FlyCtOVDNOQ+8ntlqFxiRc+r5qA==
  /axios/0.21.0:
    dependencies:
      follow-redirects: 1.13.0
    dev: false
    resolution:
      integrity: sha512-fmkJBknJKoZwem3/IKSSLpkdNXZeBu5Q7GA/aRsr2btgrptmSCxi2oFjZHqGdK9DoTil9PIHlPIZw2EcRJXRvw==
  /buffer-from/1.1.1:
    dev: false
    resolution:
      integrity: sha512-MQcXEUbCKtEo7bhqEs6560Hyd4XaovZlO/k9V3hjVUF/zwW7KBVdSK4gIt/bzwS9MbR5qob+F5jusZsb0YQK2A==
  /builtin-modules/3.1.0:
    dev: false
    engines:
      node: '>=6'
    resolution:
      integrity: sha512-k0KL0aWZuBt2lrxrcASWDfwOLMnodeQjodT/1SxEQAXsHANgo6ZC/VEaSEHCXt7aSTZ4/4H5LKa+tBXmW7Vtvw==
  /camel-case/3.0.0:
    dependencies:
      no-case: 2.3.2
      upper-case: 1.1.3
    dev: false
    resolution:
      integrity: sha1-yjw2iKTpzzpM2nd9xNy8cTJJz3M=
  /chalk/2.4.2:
    dependencies:
      ansi-styles: 3.2.1
      escape-string-regexp: 1.0.5
      supports-color: 5.5.0
    engines:
      node: '>=4'
    resolution:
      integrity: sha512-Mti+f9lpJNcwF4tWV8/OrTTtF1gZi+f8FqlyAdouralcFWFQWF2+NgCHShjkCb+IFBLq9buZwE1xckQU4peSuQ==
  /clean-css/4.2.3:
    dependencies:
      source-map: 0.6.1
    dev: false
    engines:
      node: '>= 4.0'
    resolution:
      integrity: sha512-VcMWDN54ZN/DS+g58HYL5/n4Zrqe8vHJpGA8KdgUXFU4fuP/aHNw8eld9SyEIyabIMJX/0RaY/fplOo5hYLSFA==
  /color-convert/1.9.3:
    dependencies:
      color-name: 1.1.3
    resolution:
      integrity: sha512-QfAUtd+vFdAtFQcC8CCyYt1fYWxSqAiK2cSD6zDB8N3cpsEBAvRxp9zOGg6G/SHHJYAT88/az/IuDGALsNVbGg==
  /color-name/1.1.3:
    resolution:
      integrity: sha1-p9BVi9icQveV3UIyj3QIMcpTvCU=
  /commander/2.20.3:
    dev: false
    resolution:
      integrity: sha512-GpVkmM8vF2vQUkj2LvZmD35JxeJOLCwJ9cUkugyk2nuhbv3+mJvpLYYt+0+USMxE+oj+ey/lJEnhZw75x/OMcQ==
  /deepmerge/4.2.2:
    dev: false
    engines:
      node: '>=0.10.0'
    resolution:
      integrity: sha512-FJ3UgI4gIl+PHZm53knsuSFpE+nESMr7M4v9QcgB7S63Kj/6WqMiFQJpBBYz1Pt+66bZpP3Q7Lye0Oo9MPKEdg==
  /esbuild/0.8.0:
    dev: false
    hasBin: true
    requiresBuild: true
    resolution:
      integrity: sha512-xCHJpLRlU0NIANQHNsiMDNC/HlrKoye7iH5YOcoZNurauUZgMhjmm9PCal+Oo9ARYZrWxN15mykbfCX//UEvng==
  /escape-string-regexp/1.0.5:
    engines:
      node: '>=0.8.0'
    resolution:
      integrity: sha1-G2HAViGQqN/2rjuyzwIAyhMLhtQ=
  /estree-walker/1.0.1:
    resolution:
      integrity: sha512-1fMXF3YP4pZZVozF8j/ZLfvnR8NSIljt56UhbZ5PeeDmmGHpgpdwQt7ITlGvYaQukCvuBRMLEiKiYC+oeIg4cg==
  /estree-walker/2.0.2:
    dev: false
    resolution:
      integrity: sha512-Rfkk/Mp/DL7JVje3u18FxFujQlTNR2q6QfMSMB7AvCBx91NGj/ba3kCfza0f6dVDbw7YlRf/nDrn7pQrCCyQ/w==
  /etag/1.8.1:
    dev: false
    engines:
      node: '>= 0.6'
    resolution:
      integrity: sha1-Qa4u62XvpiJorr/qg6x9eSmbCIc=
  /follow-redirects/1.13.0:
    dev: false
    engines:
      node: '>=4.0'
    resolution:
      integrity: sha512-aq6gF1BEKje4a9i9+5jimNFIpq4Q1WiwBToeRK5NvZBd/TRsmW8BsJfOEGkr76TbOyPVD3OVDN910EcUNtRYEA==
  /fsevents/2.1.3:
    deprecated: Please update to v 2.2.x
    dev: false
    engines:
      node: ^8.16.0 || ^10.6.0 || >=11.0.0
    optional: true
    os:
      - darwin
    resolution:
      integrity: sha512-Auw9a4AxqWpa9GUfj370BMPzzyncfBABW8Mab7BGWBYDj4Isgq+cDKtx0i6u9jcX9pQDnswsaaOTgTmA5pEjuQ==
  /function-bind/1.1.1:
    resolution:
      integrity: sha512-yIovAzMX49sF8Yl58fSCWJ5svSLuaibPxXQJFLmBObTuCr0Mf1KiPopGM9NiFjiYBCbfaa2Fh6breQ6ANVTI0A==
  /glob-regex/0.3.2:
    dev: false
    resolution:
      integrity: sha512-m5blUd3/OqDTWwzBBtWBPrGlAzatRywHameHeekAZyZrskYouOGdNB8T/q6JucucvJXtOuyHIn0/Yia7iDasDw==
  /has-flag/3.0.0:
    engines:
      node: '>=4'
    resolution:
      integrity: sha1-tdRU3CGZriJWmfNGfloH87lVuv0=
  /has-flag/4.0.0:
    dev: false
    engines:
      node: '>=8'
    resolution:
      integrity: sha512-EykJT/Q1KjTWctppgIAgfSO0tKVuZUjhgMr17kqTumMl6Afv3EISleU7qZUzoXDFTAHTDC4NOoG/ZxU3EvlMPQ==
  /has/1.0.3:
    dependencies:
      function-bind: 1.1.1
    engines:
      node: '>= 0.4.0'
    resolution:
      integrity: sha512-f2dvO0VU6Oej7RkWJGrehjbzMAjFp5/VKPp5tTpWIV4JHHZK1/BxbFRtf/siA2SWTe09caDmVtYYzWEIbBS4zw==
  /he/1.2.0:
    dev: false
    hasBin: true
    resolution:
      integrity: sha512-F/1DnUGPopORZi0ni+CvrCgHQ5FyEAHRLSApuYWMmrbSwoN2Mn/7k+Gl38gJnR7yyDZk6WLXwiGod1JOWNDKGw==
  /html-minifier/4.0.0:
    dependencies:
      camel-case: 3.0.0
      clean-css: 4.2.3
      commander: 2.20.3
      he: 1.2.0
      param-case: 2.1.1
      relateurl: 0.2.7
      uglify-js: 3.11.4
    dev: false
    engines:
      node: '>=6'
    hasBin: true
    resolution:
      integrity: sha512-aoGxanpFPLg7MkIl/DDFYtb0iWz7jMFGqFhvEDZga6/4QTjneiD8I/NXL1x5aaoCp7FSIT6h/OhykDdPsbtMig==
  /is-core-module/2.0.0:
    dependencies:
      has: 1.0.3
    resolution:
      integrity: sha512-jq1AH6C8MuteOoBPwkxHafmByhL9j5q4OaPGdbuD+ZtQJVzH+i6E3BJDQcBA09k57i2Hh2yQbEG8yObZ0jdlWw==
  /is-module/1.0.0:
    dev: false
    resolution:
      integrity: sha1-Mlj7afeMFNW4FdZkM2tM/7ZEFZE=
  /jest-worker/26.6.2:
    dependencies:
      '@types/node': 14.14.6
      merge-stream: 2.0.0
      supports-color: 7.2.0
    dev: false
    engines:
      node: '>= 10.13.0'
    resolution:
      integrity: sha512-KWYVV1c4i+jbMpaBC+U++4Va0cp8OisU185o73T1vo99hqi7w8tSJfUXYswwqqrjzwxa6KpRK54WhPvwf5w6PQ==
  /joycon/2.2.5:
    dev: false
    engines:
      node: '>=6'
    resolution:
      integrity: sha512-YqvUxoOcVPnCp0VU1/56f+iKSdvIRJYPznH22BdXV3xMk75SFXhWeJkZ8C9XxUWt1b5x2X1SxuFygW1U0FmkEQ==
  /js-tokens/4.0.0:
    resolution:
      integrity: sha512-RdJUflcE3cUzKiMqQgsCu06FPu9UdIJO0beYbPhHN4k6apgJtifcoCtT9bcxOpYBtpD2kCM6Sbzg4CausW/PKQ==
  /lower-case/1.1.4:
    dev: false
    resolution:
      integrity: sha1-miyr0bno4K6ZOkv31YdcOcQujqw=
  /merge-stream/2.0.0:
    dev: false
    resolution:
      integrity: sha512-abv/qOcuPfk3URPfDzmZU1LKmuw8kT+0nIHvKrKgFrwifol/doWcdA4ZqsWQ8ENrFKkd67Mfpo/LovbIUsbt3w==
  /no-case/2.3.2:
    dependencies:
      lower-case: 1.1.4
    dev: false
    resolution:
      integrity: sha512-rmTZ9kz+f3rCvK2TD1Ue/oZlns7OGoIWP4fc3llxxRXlOkHKoWPPWJOfFYpITabSow43QJbRIoHQXtt10VldyQ==
  /param-case/2.1.1:
    dependencies:
      no-case: 2.3.2
    dev: false
    resolution:
      integrity: sha1-35T9jPZTHs915r75oIWPvHK+Ikc=
  /path-parse/1.0.6:
    resolution:
      integrity: sha512-GSmOT2EbHrINBf9SR7CDELwlJ8AENk3Qn7OikK4nFYAu3Ote2+JYNVvkpAEQm3/TLNEJFD/xZJjzyxg3KBWOzw==
  /picomatch/2.2.2:
    engines:
      node: '>=8.6'
    resolution:
      integrity: sha512-q0M/9eZHzmr0AulXyPwNfZjtwZ/RBZlbN3K3CErVrk50T2ASYI7Bye0EvekFY3IP1Nt2DHu0re+V2ZHIpMkuWg==
  /prettier/2.1.2:
    dev: true
    engines:
      node: '>=10.13.0'
    hasBin: true
    resolution:
      integrity: sha512-16c7K+x4qVlJg9rEbXl7HEGmQyZlG4R9AgP+oHKRMsMsuk8s+ATStlf1NpDqyBI1HpVyfjLOeMhH2LvuNvV5Vg==
  /randombytes/2.1.0:
    dependencies:
      safe-buffer: 5.2.1
    dev: false
    resolution:
      integrity: sha512-vYl3iOX+4CKUWuxGi9Ukhie6fsqXqS9FE2Zaic4tNFD2N2QQaXOMFbuKK4QmDHC0JO6B1Zp41J0LpT0oR68amQ==
  /recrawl-sync/2.0.0:
    dependencies:
      '@cush/relative': 0.1.0
      glob-regex: 0.3.2
      tslib: 1.14.1
    dev: false
    resolution:
      integrity: sha512-RYXv9NeY+z8HAzWf0uDy2ntDpRwWT3SG6yHMWKjOhPdtbo2T/HeeugF9ydiI3kOqbQyMF/5bOUSb0JPRaB1C5w==
  /relateurl/0.2.7:
    dev: false
    engines:
      node: '>= 0.10'
    resolution:
      integrity: sha1-VNvzd+UUQKypCkzSdGANP/LYiKk=
  /resolve/1.18.1:
    dependencies:
      is-core-module: 2.0.0
      path-parse: 1.0.6
    resolution:
      integrity: sha512-lDfCPaMKfOJXjy0dPayzPdF1phampNWr3qFCjAu+rw/qbQmr5jWH5xN2hwh9QKfw9E5v4hwV7A+jrCmL8yjjqA==
  /rollup-plugin-dts/1.4.13_rollup@2.35.1+typescript@4.0.5:
    dependencies:
      rollup: 2.35.1
      typescript: 4.0.5
    dev: true
    optionalDependencies:
      '@babel/code-frame': 7.10.4
    peerDependencies:
      rollup: ^2.26.8
      typescript: ^4.0.2
    resolution:
      integrity: sha512-7mxoQ6PcmCkBE5ZhrjGDL4k42XLy8BkSqpiRi1MipwiGs+7lwi4mQkp2afX+OzzLjJp/TGM8llfe8uayIUhPEw==
  /rollup-plugin-terser/7.0.2_rollup@2.35.1:
    dependencies:
      '@babel/code-frame': 7.10.4
      jest-worker: 26.6.2
      rollup: 2.35.1
      serialize-javascript: 4.0.0
      terser: 5.3.8
    dev: false
    peerDependencies:
      rollup: ^2.0.0
    resolution:
      integrity: sha512-w3iIaU4OxcF52UUXiZNsNeuXIMDvFrr+ZXK6bFZ0Q60qyVfq4uLptoS4bbq3paG3x216eQllFZX7zt6TIImguQ==
  /rollup/2.35.1:
    dev: false
    engines:
      node: '>=10.0.0'
    hasBin: true
    optionalDependencies:
      fsevents: 2.1.3
    resolution:
      integrity: sha512-q5KxEyWpprAIcainhVy6HfRttD9kutQpHbeqDTWnqAFNJotiojetK6uqmcydNMymBEtC4I8bCYR+J3mTMqeaUA==
  /safe-buffer/5.2.1:
    dev: false
    resolution:
      integrity: sha512-rp3So07KcdmmKbGvgaNxQSJr7bGVSVk5S9Eq1F+ppbRo70+YeaDxkw5Dd8NPN+GD6bjnYm2VuPuCXmpuYvmCXQ==
  /serialize-javascript/4.0.0:
    dependencies:
      randombytes: 2.1.0
    dev: false
    resolution:
      integrity: sha512-GaNA54380uFefWghODBWEGisLZFj00nS5ACs6yHa9nLqlLpVLO8ChDGeKRjZnV4Nh4n0Qi7nhYZD/9fCPzEqkw==
  /source-map-support/0.5.19:
    dependencies:
      buffer-from: 1.1.1
      source-map: 0.6.1
    dev: false
    resolution:
      integrity: sha512-Wonm7zOCIJzBGQdB+thsPar0kYuCIzYvxZwlBa87yi/Mdjv7Tip2cyVbLj5o0cFPN4EVkuTwb3GDDyUx2DGnGw==
  /source-map/0.6.1:
    dev: false
    engines:
      node: '>=0.10.0'
    resolution:
      integrity: sha512-UjgapumWlbMhkBgzT7Ykc5YXUT46F0iKu8SGXq0bcwP5dz/h0Plj6enJqjz1Zbq2l5WaqYnrVbwWOWMyF3F47g==
  /source-map/0.7.3:
    dev: false
    engines:
      node: '>= 8'
    resolution:
      integrity: sha512-CkCj6giN3S+n9qrYiBTX5gystlENnRW5jZeNLHpe6aue+SrHcG5VYwujhW9s4dY31mEGsxBDrHR6oI69fTXsaQ==
  /strip-bom/4.0.0:
    dev: false
    engines:
      node: '>=8'
    resolution:
      integrity: sha512-3xurFv5tEgii33Zi8Jtp55wEIILR9eh34FAW00PZf+JnSsTmV/ioewSgQl97JHvgjoRGwPShsWm+IdrxB35d0w==
  /strip-json-comments/3.1.1:
    dev: false
    engines:
      node: '>=8'
    resolution:
      integrity: sha512-6fPc+R4ihwqP6N/aIv2f1gMH8lOVtWQHoqC4yK6oSDVVocumAsfCqjkXnqiYMhmMwS/mEHLp7Vehlt3ql6lEig==
  /supports-color/5.5.0:
    dependencies:
      has-flag: 3.0.0
    engines:
      node: '>=4'
    resolution:
      integrity: sha512-QjVjwdXIt408MIiAqCX4oUKsgU2EqAGzs2Ppkm4aQYbjm+ZEWEcW4SfFNTr4uMNZma0ey4f5lgLrkB0aX0QMow==
  /supports-color/7.2.0:
    dependencies:
      has-flag: 4.0.0
    dev: false
    engines:
      node: '>=8'
    resolution:
      integrity: sha512-qpCAvRl9stuOHveKsn7HncJRvv501qIacKzQlO/+Lwxc9+0q2wLyv4Dfvt80/DPn2pqOBsJdDiogXGR9+OvwRw==
  /terser/5.3.8:
    dependencies:
      commander: 2.20.3
      source-map: 0.7.3
      source-map-support: 0.5.19
    dev: false
    engines:
      node: '>=10'
    hasBin: true
    resolution:
      integrity: sha512-zVotuHoIfnYjtlurOouTazciEfL7V38QMAOhGqpXDEg6yT13cF4+fEP9b0rrCEQTn+tT46uxgFsTZzhygk+CzQ==
  /toml/3.0.0:
    dev: false
    resolution:
      integrity: sha512-y/mWCZinnvxjTKYhJ+pYxwD0mRLVvOtdS2Awbgxln6iEnt4rk0yBxeSBHkGJcPucRiG0e55mwWp+g/05rsrd6w==
  /tslib/1.14.1:
    dev: false
    resolution:
      integrity: sha512-Xni35NKzjgMrwevysHTCArtLDpPvye8zV/0E4EyYn43P7/7qvQwPh9BGkHewbMulVntbigmcT7rdX3BNo9wRJg==
  /typescript/4.0.5:
    dev: true
    engines:
      node: '>=4.2.0'
    hasBin: true
    resolution:
      integrity: sha512-ywmr/VrTVCmNTJ6iV2LwIrfG1P+lv6luD8sUJs+2eI9NLGigaN+nUQc13iHqisq7bra9lnmUSYqbJvegraBOPQ==
  /uglify-js/3.11.4:
    dev: false
    engines:
      node: '>=0.8.0'
    hasBin: true
    resolution:
      integrity: sha512-FyYnoxVL1D6+jDGQpbK5jW6y/2JlVfRfEeQ67BPCUg5wfCjaKOpr2XeceE4QL+MkhxliLtf5EbrMDZgzpt2CNw==
  /upper-case/1.1.3:
    dev: false
    resolution:
      integrity: sha1-9rRQHC7EzdJrp4vnIilh3ndiFZg=
specifiers:
  '@cloudflare/workers-types': ^2.1.0
  '@rollup/plugin-node-resolve': ^10.0.0
  '@rollup/plugin-typescript': ^6.1.0
  '@types/etag': ^1.8.0
  '@types/html-minifier': ^4.0.0
  axios: ^0.21.0
  esbuild: ^0.8.0
  etag: ^1.8.1
  html-minifier: ^4.0.0
  prettier: ^2.0.5
  recrawl-sync: ^2.0.0
  rollup: ^2.35.1
  rollup-plugin-dts: ^1.4.10
  rollup-plugin-esbuild: 'npm:@cush/rollup-plugin-esbuild@2.5.2-canary.138'
  rollup-plugin-terser: ^7.0.2
  strip-bom: ^4.0.0
  toml: ^3.0.0
  typescript: ^4.0.0
